
Microsoft Visual Studio Solution File, Format Version 12.00
# Visual Studio Version 17
VisualStudioVersion = 17.9.34622.214
MinimumVisualStudioVersion = 10.0.40219.1
Project("{8BC9CEB8-8B4A-11D0-8D11-00A0C91BC942}") = "17.04.2024", "17.04.2024\17.04.2024.vcxproj", "{A067694C-BA59-4392-ABD5-FECD88F48957}"
EndProject
Global
	GlobalSection(SolutionConfigurationPlatforms) = preSolution
		Debug|x64 = Debug|x64
		Debug|x86 = Debug|x86
		Release|x64 = Release|x64
		Release|x86 = Release|x86
	EndGlobalSection
	GlobalSection(ProjectConfigurationPlatforms) = postSolution
		{A067694C-BA59-4392-ABD5-FECD88F48957}.Debug|x64.ActiveCfg = Debug|x64
		{A067694C-BA59-4392-ABD5-FECD88F48957}.Debug|x64.Build.0 = Debug|x64
		{A067694C-BA59-4392-ABD5-FECD88F48957}.Debug|x86.ActiveCfg = Debug|Win32
		{A067694C-BA59-4392-ABD5-FECD88F48957}.Debug|x86.Build.0 = Debug|Win32
		{A067694C-BA59-4392-ABD5-FECD88F48957}.Release|x64.ActiveCfg = Release|x64
		{A067694C-BA59-4392-ABD5-FECD88F48957}.Release|x64.Build.0 = Release|x64
		{A067694C-BA59-4392-ABD5-FECD88F48957}.Release|x86.ActiveCfg = Release|Win32
		{A067694C-BA59-4392-ABD5-FECD88F48957}.Release|x86.Build.0 = Release|Win32
	EndGlobalSection
	GlobalSection(SolutionProperties) = preSolution
		HideSolutionNode = FALSE
	EndGlobalSection
	GlobalSection(ExtensibilityGlobals) = postSolution
		SolutionGuid = {6859820B-546F-4B06-B037-93484157E95E}
	EndGlobalSection
EndGlobal
